
Microsoft Visual Studio Solution File, Format Version 12.00
# Visual Studio 15
VisualStudioVersion = 15.0.26430.16
MinimumVisualStudioVersion = 10.0.40219.1
Project("{2150E333-8FDC-42A3-9474-1A3956D46DE8}") = "Release 1-2", "Release 1-2", "{275DF0BB-0084-4155-B4E8-2E8AC1FAD2BC}"
EndProject
Project("{FAE04EC0-301F-11D3-BF4B-00C04F79EFBC}") = "ImageProcessor-Core-Release1", "Release 1\ImageProcessor-Core-Release1\ImageProcessor-Core-Release1.csproj", "{CF7F636E-1C2A-4786-8AEE-FA0E60ABB6CD}"
EndProject
Project("{9A19103F-16F7-4668-BE54-9A1E7A4F7556}") = "ConsoleAppCore", "ConsoleAppCore\ConsoleAppCore.csproj", "{3B91FE25-7D73-4753-8223-F1EC144EC9D9}"
EndProject
Project("{2150E333-8FDC-42A3-9474-1A3956D46DE8}") = "Release 3", "Release 3", "{A3778476-8EE6-430C-93C0-99789AFE8576}"
EndProject
Project("{9A19103F-16F7-4668-BE54-9A1E7A4F7556}") = "Host", "Host\Host.csproj", "{6F4EF1AE-B598-45AA-AB93-DC8B5E8EF40F}"
EndProject
Project("{2150E333-8FDC-42A3-9474-1A3956D46DE8}") = "Nuget", "Nuget", "{86E25039-1448-4C20-8580-538CFC34125F}"
EndProject
Project("{9A19103F-16F7-4668-BE54-9A1E7A4F7556}") = "CommandLineParserNuget", "CommandLineParser\CommandLineParserNuget.csproj", "{BA24BD58-A405-4A9E-BFD1-873CA78E01D6}"
EndProject
Project("{2150E333-8FDC-42A3-9474-1A3956D46DE8}") = "Contracts", "Contracts", "{0BB65579-D8FF-4874-B2D3-354920955C6A}"
EndProject
Project("{9A19103F-16F7-4668-BE54-9A1E7A4F7556}") = "ImageProcessContracts", "ImageProcessContracts\ImageProcessContracts.csproj", "{D417EE70-869A-4A37-8519-0C3D349EC6EE}"
EndProject
Project("{2150E333-8FDC-42A3-9474-1A3956D46DE8}") = "Implementations", "Implementations", "{E41BB761-50F5-46A2-8AD5-4821DBA3A60A}"
EndProject
Project("{2150E333-8FDC-42A3-9474-1A3956D46DE8}") = "Providers", "Providers", "{B83D20F8-7C7B-480C-8E60-2D73F18F226D}"
EndProject
Project("{2150E333-8FDC-42A3-9474-1A3956D46DE8}") = "Modules", "Modules", "{BFB54509-54E6-4B2C-93F0-D08C50413D2B}"
EndProject
Project("{9A19103F-16F7-4668-BE54-9A1E7A4F7556}") = "ImageProvider", "ImageProvider\ImageProvider.csproj", "{90D71812-2404-4C43-99D3-7689C19962DC}"
EndProject
Project("{9A19103F-16F7-4668-BE54-9A1E7A4F7556}") = "ImageModule", "ImageModule\ImageModule.csproj", "{65DE7F40-0849-437E-AC67-4F09B087883D}"
EndProject
Project("{9A19103F-16F7-4668-BE54-9A1E7A4F7556}") = "LogicContracts", "LogicContracts\LogicContracts.csproj", "{E19CB1BD-8C14-4C66-BE83-829B8396E7E6}"
EndProject
Project("{9A19103F-16F7-4668-BE54-9A1E7A4F7556}") = "LogicModule", "LogicModule\LogicModule.csproj", "{5DE994FF-9C4F-4FB3-ADBC-D5F361E13A98}"
EndProject
Project("{2150E333-8FDC-42A3-9474-1A3956D46DE8}") = "UnitTests", "UnitTests", "{FE87CD20-3B2C-4FA1-AA37-B072B05FD9CE}"
EndProject
Project("{FAE04EC0-301F-11D3-BF4B-00C04F79EFBC}") = "UnitTestsProject", "UnitTestsProject\UnitTestsProject.csproj", "{5E47D067-3CFA-452F-9941-26970532E8B6}"
EndProject
Project("{2150E333-8FDC-42A3-9474-1A3956D46DE8}") = "Release 4", "Release 4", "{3EBDD503-D9BC-4FDB-9DE4-5C8E0412D467}"
EndProject
Project("{2150E333-8FDC-42A3-9474-1A3956D46DE8}") = "Contracts", "Contracts", "{37EEC9F1-5D35-4D7F-8010-F94B46ED063F}"
EndProject
Project("{2150E333-8FDC-42A3-9474-1A3956D46DE8}") = "ImageContracts", "ImageContracts", "{0DAD25E8-4B92-4FB6-A961-620CC9BFE426}"
EndProject
Project("{2150E333-8FDC-42A3-9474-1A3956D46DE8}") = "LogicContracts", "LogicContracts", "{74C46E2F-7017-439D-A4B6-6F530A69E85A}"
EndProject
Project("{2150E333-8FDC-42A3-9474-1A3956D46DE8}") = "SaveContract", "SaveContract", "{82C155A2-0044-4B9C-A3C5-F49D1FBDBEF8}"
EndProject
Project("{9A19103F-16F7-4668-BE54-9A1E7A4F7556}") = "ImageProcessContract", "ImageProcessContract\ImageProcessContract.csproj", "{8B936F67-18D9-446E-8A8A-E4E0A2BE218F}"
EndProject
Project("{9A19103F-16F7-4668-BE54-9A1E7A4F7556}") = "LogicContract", "LogicContract\LogicContract.csproj", "{539C14BF-F041-4963-8CCA-3C512B78514E}"
EndProject
Project("{9A19103F-16F7-4668-BE54-9A1E7A4F7556}") = "SaveContract", "SaveContract\SaveContract.csproj", "{F155C4F2-D652-437F-9F16-58C380AFD2D6}"
EndProject
Project("{2150E333-8FDC-42A3-9474-1A3956D46DE8}") = "Implementations", "Implementations", "{832C9F6D-91A1-4AD4-8CC8-BBA2336673D5}"
EndProject
Project("{2150E333-8FDC-42A3-9474-1A3956D46DE8}") = "Modules", "Modules", "{6EB7E6AB-DDAA-4D11-93A3-8D75B1A0B3C6}"
EndProject
Project("{2150E333-8FDC-42A3-9474-1A3956D46DE8}") = "Providers", "Providers", "{C2B81286-67F4-4F59-8A02-F9A9D8E31BFE}"
EndProject
Project("{9A19103F-16F7-4668-BE54-9A1E7A4F7556}") = "GrayScaleProvider", "GrayScaleProvider\GrayScaleProvider.csproj", "{1A28AE45-E3E7-4EAB-89E8-5CB8E887F82A}"
EndProject
Project("{9A19103F-16F7-4668-BE54-9A1E7A4F7556}") = "BlurProvider", "BlurProvider\BlurProvider.csproj", "{B16C6867-C34D-4566-92CE-920DE00149A3}"
EndProject
Project("{9A19103F-16F7-4668-BE54-9A1E7A4F7556}") = "ResizeProvider", "ResizeProvider\ResizeProvider.csproj", "{F8A9C691-7799-40E4-A041-1B65DB6E3BA0}"
EndProject
Project("{9A19103F-16F7-4668-BE54-9A1E7A4F7556}") = "WatermarkProvider", "WatermarkProvider\WatermarkProvider.csproj", "{F1A4F194-DB46-451D-ACED-26B3CE6E794D}"
EndProject
Project("{9A19103F-16F7-4668-BE54-9A1E7A4F7556}") = "LogicModuleRe4", "LogicModuleRe4\LogicModuleRe4.csproj", "{2B704D3B-84A6-4F32-8956-AC7564A48C03}"
EndProject
Project("{9A19103F-16F7-4668-BE54-9A1E7A4F7556}") = "ImageProcessorRe4", "ImageProcessorRe4\ImageProcessorRe4.csproj", "{762DF07C-0920-4410-A933-7326E8A0598C}"
EndProject
Project("{9A19103F-16F7-4668-BE54-9A1E7A4F7556}") = "ImageProviderContract", "ImageProviderContract\ImageProviderContract.csproj", "{7EA8FBC1-67B1-4DD9-A83A-2FF536135651}"
EndProject
Project("{9A19103F-16F7-4668-BE54-9A1E7A4F7556}") = "LoadContract", "LoadContract\LoadContract.csproj", "{4E89463A-F58F-435B-8F10-76D8CBF94119}"
EndProject
Project("{9A19103F-16F7-4668-BE54-9A1E7A4F7556}") = "Model", "Model\Model.csproj", "{3BB21E5F-C6ED-44BA-BAFF-B0122B521162}"
EndProject
Project("{FAE04EC0-301F-11D3-BF4B-00C04F79EFBC}") = "SaveProvider", "SaveProvider\SaveProvider.csproj", "{940AC868-A6D3-45F6-AE2A-1FAC80953990}"
EndProject
Project("{FAE04EC0-301F-11D3-BF4B-00C04F79EFBC}") = "LoadProvider", "LoadProvider\LoadProvider.csproj", "{4798EC7F-1F21-4301-B0AB-C673A5F797D7}"
EndProject
Project("{FAE04EC0-301F-11D3-BF4B-00C04F79EFBC}") = "Host-Re4", "Host-Re4\Host-Re4.csproj", "{2413D2A4-980B-4CBC-9AD6-BCF1468BE36F}"
EndProject
Global
	GlobalSection(SolutionConfigurationPlatforms) = preSolution
		Debug|Any CPU = Debug|Any CPU
		Release|Any CPU = Release|Any CPU
	EndGlobalSection
	GlobalSection(ProjectConfigurationPlatforms) = postSolution
		{CF7F636E-1C2A-4786-8AEE-FA0E60ABB6CD}.Debug|Any CPU.ActiveCfg = Debug|Any CPU
		{CF7F636E-1C2A-4786-8AEE-FA0E60ABB6CD}.Debug|Any CPU.Build.0 = Debug|Any CPU
		{CF7F636E-1C2A-4786-8AEE-FA0E60ABB6CD}.Release|Any CPU.ActiveCfg = Release|Any CPU
		{CF7F636E-1C2A-4786-8AEE-FA0E60ABB6CD}.Release|Any CPU.Build.0 = Release|Any CPU
		{3B91FE25-7D73-4753-8223-F1EC144EC9D9}.Debug|Any CPU.ActiveCfg = Debug|Any CPU
		{3B91FE25-7D73-4753-8223-F1EC144EC9D9}.Debug|Any CPU.Build.0 = Debug|Any CPU
		{3B91FE25-7D73-4753-8223-F1EC144EC9D9}.Release|Any CPU.ActiveCfg = Release|Any CPU
		{3B91FE25-7D73-4753-8223-F1EC144EC9D9}.Release|Any CPU.Build.0 = Release|Any CPU
		{6F4EF1AE-B598-45AA-AB93-DC8B5E8EF40F}.Debug|Any CPU.ActiveCfg = Debug|Any CPU
		{6F4EF1AE-B598-45AA-AB93-DC8B5E8EF40F}.Debug|Any CPU.Build.0 = Debug|Any CPU
		{6F4EF1AE-B598-45AA-AB93-DC8B5E8EF40F}.Release|Any CPU.ActiveCfg = Release|Any CPU
		{6F4EF1AE-B598-45AA-AB93-DC8B5E8EF40F}.Release|Any CPU.Build.0 = Release|Any CPU
		{BA24BD58-A405-4A9E-BFD1-873CA78E01D6}.Debug|Any CPU.ActiveCfg = Debug|Any CPU
		{BA24BD58-A405-4A9E-BFD1-873CA78E01D6}.Debug|Any CPU.Build.0 = Debug|Any CPU
		{BA24BD58-A405-4A9E-BFD1-873CA78E01D6}.Release|Any CPU.ActiveCfg = Release|Any CPU
		{BA24BD58-A405-4A9E-BFD1-873CA78E01D6}.Release|Any CPU.Build.0 = Release|Any CPU
		{D417EE70-869A-4A37-8519-0C3D349EC6EE}.Debug|Any CPU.ActiveCfg = Debug|Any CPU
		{D417EE70-869A-4A37-8519-0C3D349EC6EE}.Debug|Any CPU.Build.0 = Debug|Any CPU
		{D417EE70-869A-4A37-8519-0C3D349EC6EE}.Release|Any CPU.ActiveCfg = Release|Any CPU
		{D417EE70-869A-4A37-8519-0C3D349EC6EE}.Release|Any CPU.Build.0 = Release|Any CPU
		{90D71812-2404-4C43-99D3-7689C19962DC}.Debug|Any CPU.ActiveCfg = Debug|Any CPU
		{90D71812-2404-4C43-99D3-7689C19962DC}.Debug|Any CPU.Build.0 = Debug|Any CPU
		{90D71812-2404-4C43-99D3-7689C19962DC}.Release|Any CPU.ActiveCfg = Release|Any CPU
		{90D71812-2404-4C43-99D3-7689C19962DC}.Release|Any CPU.Build.0 = Release|Any CPU
		{65DE7F40-0849-437E-AC67-4F09B087883D}.Debug|Any CPU.ActiveCfg = Debug|Any CPU
		{65DE7F40-0849-437E-AC67-4F09B087883D}.Debug|Any CPU.Build.0 = Debug|Any CPU
		{65DE7F40-0849-437E-AC67-4F09B087883D}.Release|Any CPU.ActiveCfg = Release|Any CPU
		{65DE7F40-0849-437E-AC67-4F09B087883D}.Release|Any CPU.Build.0 = Release|Any CPU
		{E19CB1BD-8C14-4C66-BE83-829B8396E7E6}.Debug|Any CPU.ActiveCfg = Debug|Any CPU
		{E19CB1BD-8C14-4C66-BE83-829B8396E7E6}.Debug|Any CPU.Build.0 = Debug|Any CPU
		{E19CB1BD-8C14-4C66-BE83-829B8396E7E6}.Release|Any CPU.ActiveCfg = Release|Any CPU
		{E19CB1BD-8C14-4C66-BE83-829B8396E7E6}.Release|Any CPU.Build.0 = Release|Any CPU
		{5DE994FF-9C4F-4FB3-ADBC-D5F361E13A98}.Debug|Any CPU.ActiveCfg = Debug|Any CPU
		{5DE994FF-9C4F-4FB3-ADBC-D5F361E13A98}.Debug|Any CPU.Build.0 = Debug|Any CPU
		{5DE994FF-9C4F-4FB3-ADBC-D5F361E13A98}.Release|Any CPU.ActiveCfg = Release|Any CPU
		{5DE994FF-9C4F-4FB3-ADBC-D5F361E13A98}.Release|Any CPU.Build.0 = Release|Any CPU
		{5E47D067-3CFA-452F-9941-26970532E8B6}.Debug|Any CPU.ActiveCfg = Debug|Any CPU
		{5E47D067-3CFA-452F-9941-26970532E8B6}.Debug|Any CPU.Build.0 = Debug|Any CPU
		{5E47D067-3CFA-452F-9941-26970532E8B6}.Release|Any CPU.ActiveCfg = Release|Any CPU
		{5E47D067-3CFA-452F-9941-26970532E8B6}.Release|Any CPU.Build.0 = Release|Any CPU
		{8B936F67-18D9-446E-8A8A-E4E0A2BE218F}.Debug|Any CPU.ActiveCfg = Debug|Any CPU
		{8B936F67-18D9-446E-8A8A-E4E0A2BE218F}.Debug|Any CPU.Build.0 = Debug|Any CPU
		{8B936F67-18D9-446E-8A8A-E4E0A2BE218F}.Release|Any CPU.ActiveCfg = Release|Any CPU
		{8B936F67-18D9-446E-8A8A-E4E0A2BE218F}.Release|Any CPU.Build.0 = Release|Any CPU
		{539C14BF-F041-4963-8CCA-3C512B78514E}.Debug|Any CPU.ActiveCfg = Debug|Any CPU
		{539C14BF-F041-4963-8CCA-3C512B78514E}.Debug|Any CPU.Build.0 = Debug|Any CPU
		{539C14BF-F041-4963-8CCA-3C512B78514E}.Release|Any CPU.ActiveCfg = Release|Any CPU
		{539C14BF-F041-4963-8CCA-3C512B78514E}.Release|Any CPU.Build.0 = Release|Any CPU
		{F155C4F2-D652-437F-9F16-58C380AFD2D6}.Debug|Any CPU.ActiveCfg = Debug|Any CPU
		{F155C4F2-D652-437F-9F16-58C380AFD2D6}.Debug|Any CPU.Build.0 = Debug|Any CPU
		{F155C4F2-D652-437F-9F16-58C380AFD2D6}.Release|Any CPU.ActiveCfg = Release|Any CPU
		{F155C4F2-D652-437F-9F16-58C380AFD2D6}.Release|Any CPU.Build.0 = Release|Any CPU
		{1A28AE45-E3E7-4EAB-89E8-5CB8E887F82A}.Debug|Any CPU.ActiveCfg = Debug|Any CPU
		{1A28AE45-E3E7-4EAB-89E8-5CB8E887F82A}.Debug|Any CPU.Build.0 = Debug|Any CPU
		{1A28AE45-E3E7-4EAB-89E8-5CB8E887F82A}.Release|Any CPU.ActiveCfg = Release|Any CPU
		{1A28AE45-E3E7-4EAB-89E8-5CB8E887F82A}.Release|Any CPU.Build.0 = Release|Any CPU
		{B16C6867-C34D-4566-92CE-920DE00149A3}.Debug|Any CPU.ActiveCfg = Debug|Any CPU
		{B16C6867-C34D-4566-92CE-920DE00149A3}.Debug|Any CPU.Build.0 = Debug|Any CPU
		{B16C6867-C34D-4566-92CE-920DE00149A3}.Release|Any CPU.ActiveCfg = Release|Any CPU
		{B16C6867-C34D-4566-92CE-920DE00149A3}.Release|Any CPU.Build.0 = Release|Any CPU
		{F8A9C691-7799-40E4-A041-1B65DB6E3BA0}.Debug|Any CPU.ActiveCfg = Debug|Any CPU
		{F8A9C691-7799-40E4-A041-1B65DB6E3BA0}.Debug|Any CPU.Build.0 = Debug|Any CPU
		{F8A9C691-7799-40E4-A041-1B65DB6E3BA0}.Release|Any CPU.ActiveCfg = Release|Any CPU
		{F8A9C691-7799-40E4-A041-1B65DB6E3BA0}.Release|Any CPU.Build.0 = Release|Any CPU
		{F1A4F194-DB46-451D-ACED-26B3CE6E794D}.Debug|Any CPU.ActiveCfg = Debug|Any CPU
		{F1A4F194-DB46-451D-ACED-26B3CE6E794D}.Debug|Any CPU.Build.0 = Debug|Any CPU
		{F1A4F194-DB46-451D-ACED-26B3CE6E794D}.Release|Any CPU.ActiveCfg = Release|Any CPU
		{F1A4F194-DB46-451D-ACED-26B3CE6E794D}.Release|Any CPU.Build.0 = Release|Any CPU
		{2B704D3B-84A6-4F32-8956-AC7564A48C03}.Debug|Any CPU.ActiveCfg = Debug|Any CPU
		{2B704D3B-84A6-4F32-8956-AC7564A48C03}.Debug|Any CPU.Build.0 = Debug|Any CPU
		{2B704D3B-84A6-4F32-8956-AC7564A48C03}.Release|Any CPU.ActiveCfg = Release|Any CPU
		{2B704D3B-84A6-4F32-8956-AC7564A48C03}.Release|Any CPU.Build.0 = Release|Any CPU
		{762DF07C-0920-4410-A933-7326E8A0598C}.Debug|Any CPU.ActiveCfg = Debug|Any CPU
		{762DF07C-0920-4410-A933-7326E8A0598C}.Debug|Any CPU.Build.0 = Debug|Any CPU
		{762DF07C-0920-4410-A933-7326E8A0598C}.Release|Any CPU.ActiveCfg = Release|Any CPU
		{762DF07C-0920-4410-A933-7326E8A0598C}.Release|Any CPU.Build.0 = Release|Any CPU
		{7EA8FBC1-67B1-4DD9-A83A-2FF536135651}.Debug|Any CPU.ActiveCfg = Debug|Any CPU
		{7EA8FBC1-67B1-4DD9-A83A-2FF536135651}.Debug|Any CPU.Build.0 = Debug|Any CPU
		{7EA8FBC1-67B1-4DD9-A83A-2FF536135651}.Release|Any CPU.ActiveCfg = Release|Any CPU
		{7EA8FBC1-67B1-4DD9-A83A-2FF536135651}.Release|Any CPU.Build.0 = Release|Any CPU
		{4E89463A-F58F-435B-8F10-76D8CBF94119}.Debug|Any CPU.ActiveCfg = Debug|Any CPU
		{4E89463A-F58F-435B-8F10-76D8CBF94119}.Debug|Any CPU.Build.0 = Debug|Any CPU
		{4E89463A-F58F-435B-8F10-76D8CBF94119}.Release|Any CPU.ActiveCfg = Release|Any CPU
		{4E89463A-F58F-435B-8F10-76D8CBF94119}.Release|Any CPU.Build.0 = Release|Any CPU
		{3BB21E5F-C6ED-44BA-BAFF-B0122B521162}.Debug|Any CPU.ActiveCfg = Debug|Any CPU
		{3BB21E5F-C6ED-44BA-BAFF-B0122B521162}.Debug|Any CPU.Build.0 = Debug|Any CPU
		{3BB21E5F-C6ED-44BA-BAFF-B0122B521162}.Release|Any CPU.ActiveCfg = Release|Any CPU
		{3BB21E5F-C6ED-44BA-BAFF-B0122B521162}.Release|Any CPU.Build.0 = Release|Any CPU
		{940AC868-A6D3-45F6-AE2A-1FAC80953990}.Debug|Any CPU.ActiveCfg = Debug|Any CPU
		{940AC868-A6D3-45F6-AE2A-1FAC80953990}.Debug|Any CPU.Build.0 = Debug|Any CPU
		{940AC868-A6D3-45F6-AE2A-1FAC80953990}.Release|Any CPU.ActiveCfg = Release|Any CPU
		{940AC868-A6D3-45F6-AE2A-1FAC80953990}.Release|Any CPU.Build.0 = Release|Any CPU
		{4798EC7F-1F21-4301-B0AB-C673A5F797D7}.Debug|Any CPU.ActiveCfg = Debug|Any CPU
		{4798EC7F-1F21-4301-B0AB-C673A5F797D7}.Debug|Any CPU.Build.0 = Debug|Any CPU
		{4798EC7F-1F21-4301-B0AB-C673A5F797D7}.Release|Any CPU.ActiveCfg = Release|Any CPU
		{4798EC7F-1F21-4301-B0AB-C673A5F797D7}.Release|Any CPU.Build.0 = Release|Any CPU
		{2413D2A4-980B-4CBC-9AD6-BCF1468BE36F}.Debug|Any CPU.ActiveCfg = Debug|Any CPU
		{2413D2A4-980B-4CBC-9AD6-BCF1468BE36F}.Debug|Any CPU.Build.0 = Debug|Any CPU
		{2413D2A4-980B-4CBC-9AD6-BCF1468BE36F}.Release|Any CPU.ActiveCfg = Release|Any CPU
		{2413D2A4-980B-4CBC-9AD6-BCF1468BE36F}.Release|Any CPU.Build.0 = Release|Any CPU
	EndGlobalSection
	GlobalSection(SolutionProperties) = preSolution
		HideSolutionNode = FALSE
	EndGlobalSection
	GlobalSection(NestedProjects) = preSolution
		{CF7F636E-1C2A-4786-8AEE-FA0E60ABB6CD} = {275DF0BB-0084-4155-B4E8-2E8AC1FAD2BC}
		{3B91FE25-7D73-4753-8223-F1EC144EC9D9} = {275DF0BB-0084-4155-B4E8-2E8AC1FAD2BC}
		{6F4EF1AE-B598-45AA-AB93-DC8B5E8EF40F} = {A3778476-8EE6-430C-93C0-99789AFE8576}
		{86E25039-1448-4C20-8580-538CFC34125F} = {A3778476-8EE6-430C-93C0-99789AFE8576}
		{BA24BD58-A405-4A9E-BFD1-873CA78E01D6} = {86E25039-1448-4C20-8580-538CFC34125F}
		{0BB65579-D8FF-4874-B2D3-354920955C6A} = {A3778476-8EE6-430C-93C0-99789AFE8576}
		{D417EE70-869A-4A37-8519-0C3D349EC6EE} = {0BB65579-D8FF-4874-B2D3-354920955C6A}
		{E41BB761-50F5-46A2-8AD5-4821DBA3A60A} = {A3778476-8EE6-430C-93C0-99789AFE8576}
		{B83D20F8-7C7B-480C-8E60-2D73F18F226D} = {E41BB761-50F5-46A2-8AD5-4821DBA3A60A}
		{BFB54509-54E6-4B2C-93F0-D08C50413D2B} = {E41BB761-50F5-46A2-8AD5-4821DBA3A60A}
		{90D71812-2404-4C43-99D3-7689C19962DC} = {B83D20F8-7C7B-480C-8E60-2D73F18F226D}
		{65DE7F40-0849-437E-AC67-4F09B087883D} = {BFB54509-54E6-4B2C-93F0-D08C50413D2B}
		{E19CB1BD-8C14-4C66-BE83-829B8396E7E6} = {0BB65579-D8FF-4874-B2D3-354920955C6A}
		{5DE994FF-9C4F-4FB3-ADBC-D5F361E13A98} = {BFB54509-54E6-4B2C-93F0-D08C50413D2B}
		{FE87CD20-3B2C-4FA1-AA37-B072B05FD9CE} = {A3778476-8EE6-430C-93C0-99789AFE8576}
		{5E47D067-3CFA-452F-9941-26970532E8B6} = {FE87CD20-3B2C-4FA1-AA37-B072B05FD9CE}
		{37EEC9F1-5D35-4D7F-8010-F94B46ED063F} = {3EBDD503-D9BC-4FDB-9DE4-5C8E0412D467}
		{0DAD25E8-4B92-4FB6-A961-620CC9BFE426} = {37EEC9F1-5D35-4D7F-8010-F94B46ED063F}
		{74C46E2F-7017-439D-A4B6-6F530A69E85A} = {37EEC9F1-5D35-4D7F-8010-F94B46ED063F}
		{82C155A2-0044-4B9C-A3C5-F49D1FBDBEF8} = {37EEC9F1-5D35-4D7F-8010-F94B46ED063F}
		{8B936F67-18D9-446E-8A8A-E4E0A2BE218F} = {0DAD25E8-4B92-4FB6-A961-620CC9BFE426}
		{539C14BF-F041-4963-8CCA-3C512B78514E} = {74C46E2F-7017-439D-A4B6-6F530A69E85A}
		{F155C4F2-D652-437F-9F16-58C380AFD2D6} = {82C155A2-0044-4B9C-A3C5-F49D1FBDBEF8}
		{832C9F6D-91A1-4AD4-8CC8-BBA2336673D5} = {3EBDD503-D9BC-4FDB-9DE4-5C8E0412D467}
		{6EB7E6AB-DDAA-4D11-93A3-8D75B1A0B3C6} = {832C9F6D-91A1-4AD4-8CC8-BBA2336673D5}
		{C2B81286-67F4-4F59-8A02-F9A9D8E31BFE} = {832C9F6D-91A1-4AD4-8CC8-BBA2336673D5}
		{1A28AE45-E3E7-4EAB-89E8-5CB8E887F82A} = {C2B81286-67F4-4F59-8A02-F9A9D8E31BFE}
		{B16C6867-C34D-4566-92CE-920DE00149A3} = {C2B81286-67F4-4F59-8A02-F9A9D8E31BFE}
		{F8A9C691-7799-40E4-A041-1B65DB6E3BA0} = {C2B81286-67F4-4F59-8A02-F9A9D8E31BFE}
		{F1A4F194-DB46-451D-ACED-26B3CE6E794D} = {C2B81286-67F4-4F59-8A02-F9A9D8E31BFE}
		{2B704D3B-84A6-4F32-8956-AC7564A48C03} = {6EB7E6AB-DDAA-4D11-93A3-8D75B1A0B3C6}
		{762DF07C-0920-4410-A933-7326E8A0598C} = {6EB7E6AB-DDAA-4D11-93A3-8D75B1A0B3C6}
		{7EA8FBC1-67B1-4DD9-A83A-2FF536135651} = {0DAD25E8-4B92-4FB6-A961-620CC9BFE426}
		{4E89463A-F58F-435B-8F10-76D8CBF94119} = {0DAD25E8-4B92-4FB6-A961-620CC9BFE426}
		{3BB21E5F-C6ED-44BA-BAFF-B0122B521162} = {6EB7E6AB-DDAA-4D11-93A3-8D75B1A0B3C6}
		{940AC868-A6D3-45F6-AE2A-1FAC80953990} = {C2B81286-67F4-4F59-8A02-F9A9D8E31BFE}
		{4798EC7F-1F21-4301-B0AB-C673A5F797D7} = {C2B81286-67F4-4F59-8A02-F9A9D8E31BFE}
		{2413D2A4-980B-4CBC-9AD6-BCF1468BE36F} = {3EBDD503-D9BC-4FDB-9DE4-5C8E0412D467}
	EndGlobalSection
	GlobalSection(ExtensibilityGlobals) = postSolution
		SolutionGuid = {0AFD0A9C-B053-4CE0-8907-9D0320E02836}
	EndGlobalSection
EndGlobal
