
Microsoft Visual Studio Solution File, Format Version 12.00
# Visual Studio 15
VisualStudioVersion = 15.0.26430.16
MinimumVisualStudioVersion = 10.0.40219.1
Project("{2150E333-8FDC-42A3-9474-1A3956D46DE8}") = "Release 1-2", "Release 1-2", "{275DF0BB-0084-4155-B4E8-2E8AC1FAD2BC}"
EndProject
Project("{FAE04EC0-301F-11D3-BF4B-00C04F79EFBC}") = "ImageProcessor-Core-Release1", "Release 1\ImageProcessor-Core-Release1\ImageProcessor-Core-Release1.csproj", "{CF7F636E-1C2A-4786-8AEE-FA0E60ABB6CD}"
EndProject
Project("{9A19103F-16F7-4668-BE54-9A1E7A4F7556}") = "ConsoleAppCore", "ConsoleAppCore\ConsoleAppCore.csproj", "{3B91FE25-7D73-4753-8223-F1EC144EC9D9}"
EndProject
Project("{2150E333-8FDC-42A3-9474-1A3956D46DE8}") = "Release 3", "Release 3", "{A3778476-8EE6-430C-93C0-99789AFE8576}"
EndProject
Project("{FAE04EC0-301F-11D3-BF4B-00C04F79EFBC}") = "Host", "Host\Host.csproj", "{6F4EF1AE-B598-45AA-AB93-DC8B5E8EF40F}"
EndProject
Project("{2150E333-8FDC-42A3-9474-1A3956D46DE8}") = "Nuget", "Nuget", "{86E25039-1448-4C20-8580-538CFC34125F}"
EndProject
Project("{FAE04EC0-301F-11D3-BF4B-00C04F79EFBC}") = "CommandLineParserNuget", "CommandLineParser\CommandLineParserNuget.csproj", "{BA24BD58-A405-4A9E-BFD1-873CA78E01D6}"
EndProject
Project("{2150E333-8FDC-42A3-9474-1A3956D46DE8}") = "Contracts", "Contracts", "{0BB65579-D8FF-4874-B2D3-354920955C6A}"
EndProject
Project("{FAE04EC0-301F-11D3-BF4B-00C04F79EFBC}") = "ImageProcessContracts", "ImageProcessContracts\ImageProcessContracts.csproj", "{D417EE70-869A-4A37-8519-0C3D349EC6EE}"
EndProject
Project("{2150E333-8FDC-42A3-9474-1A3956D46DE8}") = "Implementations", "Implementations", "{E41BB761-50F5-46A2-8AD5-4821DBA3A60A}"
EndProject
Project("{2150E333-8FDC-42A3-9474-1A3956D46DE8}") = "Providers", "Providers", "{B83D20F8-7C7B-480C-8E60-2D73F18F226D}"
EndProject
Project("{2150E333-8FDC-42A3-9474-1A3956D46DE8}") = "Modules", "Modules", "{BFB54509-54E6-4B2C-93F0-D08C50413D2B}"
EndProject
Project("{FAE04EC0-301F-11D3-BF4B-00C04F79EFBC}") = "ImageProvider", "ImageProvider\ImageProvider.csproj", "{90D71812-2404-4C43-99D3-7689C19962DC}"
EndProject
Project("{FAE04EC0-301F-11D3-BF4B-00C04F79EFBC}") = "ImageModule", "ImageModule\ImageModule.csproj", "{65DE7F40-0849-437E-AC67-4F09B087883D}"
EndProject
Project("{FAE04EC0-301F-11D3-BF4B-00C04F79EFBC}") = "LogicContracts", "LogicContracts\LogicContracts.csproj", "{E19CB1BD-8C14-4C66-BE83-829B8396E7E6}"
EndProject
Project("{FAE04EC0-301F-11D3-BF4B-00C04F79EFBC}") = "LogicModule", "LogicModule\LogicModule.csproj", "{5DE994FF-9C4F-4FB3-ADBC-D5F361E13A98}"
EndProject
Global
	GlobalSection(SolutionConfigurationPlatforms) = preSolution
		Debug|Any CPU = Debug|Any CPU
		Release|Any CPU = Release|Any CPU
	EndGlobalSection
	GlobalSection(ProjectConfigurationPlatforms) = postSolution
		{CF7F636E-1C2A-4786-8AEE-FA0E60ABB6CD}.Debug|Any CPU.ActiveCfg = Debug|Any CPU
		{CF7F636E-1C2A-4786-8AEE-FA0E60ABB6CD}.Debug|Any CPU.Build.0 = Debug|Any CPU
		{CF7F636E-1C2A-4786-8AEE-FA0E60ABB6CD}.Release|Any CPU.ActiveCfg = Release|Any CPU
		{CF7F636E-1C2A-4786-8AEE-FA0E60ABB6CD}.Release|Any CPU.Build.0 = Release|Any CPU
		{3B91FE25-7D73-4753-8223-F1EC144EC9D9}.Debug|Any CPU.ActiveCfg = Debug|Any CPU
		{3B91FE25-7D73-4753-8223-F1EC144EC9D9}.Debug|Any CPU.Build.0 = Debug|Any CPU
		{3B91FE25-7D73-4753-8223-F1EC144EC9D9}.Release|Any CPU.ActiveCfg = Release|Any CPU
		{3B91FE25-7D73-4753-8223-F1EC144EC9D9}.Release|Any CPU.Build.0 = Release|Any CPU
		{6F4EF1AE-B598-45AA-AB93-DC8B5E8EF40F}.Debug|Any CPU.ActiveCfg = Debug|Any CPU
		{6F4EF1AE-B598-45AA-AB93-DC8B5E8EF40F}.Debug|Any CPU.Build.0 = Debug|Any CPU
		{6F4EF1AE-B598-45AA-AB93-DC8B5E8EF40F}.Release|Any CPU.ActiveCfg = Release|Any CPU
		{6F4EF1AE-B598-45AA-AB93-DC8B5E8EF40F}.Release|Any CPU.Build.0 = Release|Any CPU
		{BA24BD58-A405-4A9E-BFD1-873CA78E01D6}.Debug|Any CPU.ActiveCfg = Debug|Any CPU
		{BA24BD58-A405-4A9E-BFD1-873CA78E01D6}.Debug|Any CPU.Build.0 = Debug|Any CPU
		{BA24BD58-A405-4A9E-BFD1-873CA78E01D6}.Release|Any CPU.ActiveCfg = Release|Any CPU
		{BA24BD58-A405-4A9E-BFD1-873CA78E01D6}.Release|Any CPU.Build.0 = Release|Any CPU
		{D417EE70-869A-4A37-8519-0C3D349EC6EE}.Debug|Any CPU.ActiveCfg = Debug|Any CPU
		{D417EE70-869A-4A37-8519-0C3D349EC6EE}.Debug|Any CPU.Build.0 = Debug|Any CPU
		{D417EE70-869A-4A37-8519-0C3D349EC6EE}.Release|Any CPU.ActiveCfg = Release|Any CPU
		{D417EE70-869A-4A37-8519-0C3D349EC6EE}.Release|Any CPU.Build.0 = Release|Any CPU
		{90D71812-2404-4C43-99D3-7689C19962DC}.Debug|Any CPU.ActiveCfg = Debug|Any CPU
		{90D71812-2404-4C43-99D3-7689C19962DC}.Debug|Any CPU.Build.0 = Debug|Any CPU
		{90D71812-2404-4C43-99D3-7689C19962DC}.Release|Any CPU.ActiveCfg = Release|Any CPU
		{90D71812-2404-4C43-99D3-7689C19962DC}.Release|Any CPU.Build.0 = Release|Any CPU
		{65DE7F40-0849-437E-AC67-4F09B087883D}.Debug|Any CPU.ActiveCfg = Debug|Any CPU
		{65DE7F40-0849-437E-AC67-4F09B087883D}.Debug|Any CPU.Build.0 = Debug|Any CPU
		{65DE7F40-0849-437E-AC67-4F09B087883D}.Release|Any CPU.ActiveCfg = Release|Any CPU
		{65DE7F40-0849-437E-AC67-4F09B087883D}.Release|Any CPU.Build.0 = Release|Any CPU
		{E19CB1BD-8C14-4C66-BE83-829B8396E7E6}.Debug|Any CPU.ActiveCfg = Debug|Any CPU
		{E19CB1BD-8C14-4C66-BE83-829B8396E7E6}.Debug|Any CPU.Build.0 = Debug|Any CPU
		{E19CB1BD-8C14-4C66-BE83-829B8396E7E6}.Release|Any CPU.ActiveCfg = Release|Any CPU
		{E19CB1BD-8C14-4C66-BE83-829B8396E7E6}.Release|Any CPU.Build.0 = Release|Any CPU
		{5DE994FF-9C4F-4FB3-ADBC-D5F361E13A98}.Debug|Any CPU.ActiveCfg = Debug|Any CPU
		{5DE994FF-9C4F-4FB3-ADBC-D5F361E13A98}.Debug|Any CPU.Build.0 = Debug|Any CPU
		{5DE994FF-9C4F-4FB3-ADBC-D5F361E13A98}.Release|Any CPU.ActiveCfg = Release|Any CPU
		{5DE994FF-9C4F-4FB3-ADBC-D5F361E13A98}.Release|Any CPU.Build.0 = Release|Any CPU
	EndGlobalSection
	GlobalSection(SolutionProperties) = preSolution
		HideSolutionNode = FALSE
	EndGlobalSection
	GlobalSection(NestedProjects) = preSolution
		{CF7F636E-1C2A-4786-8AEE-FA0E60ABB6CD} = {275DF0BB-0084-4155-B4E8-2E8AC1FAD2BC}
		{3B91FE25-7D73-4753-8223-F1EC144EC9D9} = {275DF0BB-0084-4155-B4E8-2E8AC1FAD2BC}
		{6F4EF1AE-B598-45AA-AB93-DC8B5E8EF40F} = {A3778476-8EE6-430C-93C0-99789AFE8576}
		{86E25039-1448-4C20-8580-538CFC34125F} = {A3778476-8EE6-430C-93C0-99789AFE8576}
		{BA24BD58-A405-4A9E-BFD1-873CA78E01D6} = {86E25039-1448-4C20-8580-538CFC34125F}
		{0BB65579-D8FF-4874-B2D3-354920955C6A} = {A3778476-8EE6-430C-93C0-99789AFE8576}
		{D417EE70-869A-4A37-8519-0C3D349EC6EE} = {0BB65579-D8FF-4874-B2D3-354920955C6A}
		{E41BB761-50F5-46A2-8AD5-4821DBA3A60A} = {A3778476-8EE6-430C-93C0-99789AFE8576}
		{B83D20F8-7C7B-480C-8E60-2D73F18F226D} = {E41BB761-50F5-46A2-8AD5-4821DBA3A60A}
		{BFB54509-54E6-4B2C-93F0-D08C50413D2B} = {E41BB761-50F5-46A2-8AD5-4821DBA3A60A}
		{90D71812-2404-4C43-99D3-7689C19962DC} = {B83D20F8-7C7B-480C-8E60-2D73F18F226D}
		{65DE7F40-0849-437E-AC67-4F09B087883D} = {BFB54509-54E6-4B2C-93F0-D08C50413D2B}
		{E19CB1BD-8C14-4C66-BE83-829B8396E7E6} = {0BB65579-D8FF-4874-B2D3-354920955C6A}
		{5DE994FF-9C4F-4FB3-ADBC-D5F361E13A98} = {BFB54509-54E6-4B2C-93F0-D08C50413D2B}
	EndGlobalSection
	GlobalSection(ExtensibilityGlobals) = postSolution
		SolutionGuid = {0AFD0A9C-B053-4CE0-8907-9D0320E02836}
	EndGlobalSection
EndGlobal
